// !$*UTF8*$!
{
	archiveVersion = 1;
	classes = {
	};
	objectVersion = 46;
	objects = {

/* Begin PBXBuildFile section */
		1889491E1E767BDF002E6173 /* AppDelegate.swift in Sources */ = {isa = PBXBuildFile; fileRef = 1889491D1E767BDF002E6173 /* AppDelegate.swift */; };
		188949201E767BDF002E6173 /* ViewController.swift in Sources */ = {isa = PBXBuildFile; fileRef = 1889491F1E767BDF002E6173 /* ViewController.swift */; };
		188949231E767BDF002E6173 /* Main.storyboard in Resources */ = {isa = PBXBuildFile; fileRef = 188949211E767BDF002E6173 /* Main.storyboard */; };
		188949251E767BDF002E6173 /* Assets.xcassets in Resources */ = {isa = PBXBuildFile; fileRef = 188949241E767BDF002E6173 /* Assets.xcassets */; };
		188949281E767BDF002E6173 /* LaunchScreen.storyboard in Resources */ = {isa = PBXBuildFile; fileRef = 188949261E767BDF002E6173 /* LaunchScreen.storyboard */; };
		188949341E767E00002E6173 /* DiamondsImageView.swift in Sources */ = {isa = PBXBuildFile; fileRef = 188949331E767E00002E6173 /* DiamondsImageView.swift */; };
		18C544CA1E827716007F9397 /* TwoDimentionalBrain.swift in Sources */ = {isa = PBXBuildFile; fileRef = 18C544C91E827716007F9397 /* TwoDimentionalBrain.swift */; };
/* End PBXBuildFile section */

/* Begin PBXFileReference section */
		1889491A1E767BDF002E6173 /* ClearGame.app */ = {isa = PBXFileReference; explicitFileType = wrapper.application; includeInIndex = 0; path = ClearGame.app; sourceTree = BUILT_PRODUCTS_DIR; };
		1889491D1E767BDF002E6173 /* AppDelegate.swift */ = {isa = PBXFileReference; lastKnownFileType = sourcecode.swift; path = AppDelegate.swift; sourceTree = "<group>"; };
		1889491F1E767BDF002E6173 /* ViewController.swift */ = {isa = PBXFileReference; lastKnownFileType = sourcecode.swift; path = ViewController.swift; sourceTree = "<group>"; };
		188949221E767BDF002E6173 /* Base */ = {isa = PBXFileReference; lastKnownFileType = file.storyboard; name = Base; path = Base.lproj/Main.storyboard; sourceTree = "<group>"; };
		188949241E767BDF002E6173 /* Assets.xcassets */ = {isa = PBXFileReference; lastKnownFileType = folder.assetcatalog; name = Assets.xcassets; path = ClearGame/Assets.xcassets; sourceTree = "<group>"; };
		188949271E767BDF002E6173 /* Base */ = {isa = PBXFileReference; lastKnownFileType = file.storyboard; name = Base; path = Base.lproj/LaunchScreen.storyboard; sourceTree = "<group>"; };
		188949291E767BDF002E6173 /* Info.plist */ = {isa = PBXFileReference; lastKnownFileType = text.plist.xml; name = Info.plist; path = ClearGame/Info.plist; sourceTree = "<group>"; };
		188949331E767E00002E6173 /* DiamondsImageView.swift */ = {isa = PBXFileReference; fileEncoding = 4; lastKnownFileType = sourcecode.swift; path = DiamondsImageView.swift; sourceTree = "<group>"; };
		18C544C91E827716007F9397 /* TwoDimentionalBrain.swift */ = {isa = PBXFileReference; fileEncoding = 4; lastKnownFileType = sourcecode.swift; path = TwoDimentionalBrain.swift; sourceTree = "<group>"; };
/* End PBXFileReference section */

/* Begin PBXFrameworksBuildPhase section */
		188949171E767BDF002E6173 /* Frameworks */ = {
			isa = PBXFrameworksBuildPhase;
			buildActionMask = 2147483647;
			files = (
			);
			runOnlyForDeploymentPostprocessing = 0;
		};
/* End PBXFrameworksBuildPhase section */

/* Begin PBXGroup section */
		188949111E767BDE002E6173 = {
			isa = PBXGroup;
			children = (
				1889491C1E767BDF002E6173 /* ClearGame */,
				1889491B1E767BDF002E6173 /* Products */,
				188949241E767BDF002E6173 /* Assets.xcassets */,
				188949261E767BDF002E6173 /* LaunchScreen.storyboard */,
				188949291E767BDF002E6173 /* Info.plist */,
			);
			sourceTree = "<group>";
		};
		1889491B1E767BDF002E6173 /* Products */ = {
			isa = PBXGroup;
			children = (
				1889491A1E767BDF002E6173 /* ClearGame.app */,
			);
			name = Products;
			sourceTree = "<group>";
		};
		1889491C1E767BDF002E6173 /* ClearGame */ = {
			isa = PBXGroup;
			children = (
				1889491D1E767BDF002E6173 /* AppDelegate.swift */,
				1889491F1E767BDF002E6173 /* ViewController.swift */,
				18C544C91E827716007F9397 /* TwoDimentionalBrain.swift */,
				188949211E767BDF002E6173 /* Main.storyboard */,
				188949331E767E00002E6173 /* DiamondsImageView.swift */,
			);
			path = ClearGame;
			sourceTree = "<group>";
		};
/* End PBXGroup section */

/* Begin PBXNativeTarget section */
		188949191E767BDF002E6173 /* ClearGame */ = {
			isa = PBXNativeTarget;
			buildConfigurationList = 1889492C1E767BDF002E6173 /* Build configuration list for PBXNativeTarget "ClearGame" */;
			buildPhases = (
				188949161E767BDF002E6173 /* Sources */,
				188949171E767BDF002E6173 /* Frameworks */,
				188949181E767BDF002E6173 /* Resources */,
			);
			buildRules = (
			);
			dependencies = (
			);
			name = ClearGame;
			productName = ClearGame;
			productReference = 1889491A1E767BDF002E6173 /* ClearGame.app */;
			productType = "com.apple.product-type.application";
		};
/* End PBXNativeTarget section */

/* Begin PBXProject section */
		188949121E767BDE002E6173 /* Project object */ = {
			isa = PBXProject;
			attributes = {
				LastSwiftUpdateCheck = 0800;
				LastUpgradeCheck = 0800;
				ORGANIZATIONNAME = lisey_lee;
				TargetAttributes = {
					188949191E767BDF002E6173 = {
						CreatedOnToolsVersion = 8.0;
						ProvisioningStyle = Automatic;
					};
				};
			};
			buildConfigurationList = 188949151E767BDF002E6173 /* Build configuration list for PBXProject "ClearGame" */;
			compatibilityVersion = "Xcode 3.2";
			developmentRegion = English;
			hasScannedForEncodings = 0;
			knownRegions = (
				en,
				Base,
			);
			mainGroup = 188949111E767BDE002E6173;
			productRefGroup = 1889491B1E767BDF002E6173 /* Products */;
			projectDirPath = "";
			projectRoot = "";
			targets = (
				188949191E767BDF002E6173 /* ClearGame */,
			);
		};
/* End PBXProject section */

/* Begin PBXResourcesBuildPhase section */
		188949181E767BDF002E6173 /* Resources */ = {
			isa = PBXResourcesBuildPhase;
			buildActionMask = 2147483647;
			files = (
				188949281E767BDF002E6173 /* LaunchScreen.storyboard in Resources */,
				188949251E767BDF002E6173 /* Assets.xcassets in Resources */,
				188949231E767BDF002E6173 /* Main.storyboard in Resources */,
			);
			runOnlyForDeploymentPostprocessing = 0;
		};
/* End PBXResourcesBuildPhase section */

/* Begin PBXSourcesBuildPhase section */
		188949161E767BDF002E6173 /* Sources */ = {
			isa = PBXSourcesBuildPhase;
			buildActionMask = 2147483647;
			files = (
				188949341E767E00002E6173 /* DiamondsImageView.swift in Sources */,
				18C544CA1E827716007F9397 /* TwoDimentionalBrain.swift in Sources */,
				188949201E767BDF002E6173 /* ViewController.swift in Sources */,
				1889491E1E767BDF002E6173 /* AppDelegate.swift in Sources */,
			);
			runOnlyForDeploymentPostprocessing = 0;
		};
/* End PBXSourcesBuildPhase section */

/* Begin PBXVariantGroup section */
		188949211E767BDF002E6173 /* Main.storyboard */ = {
			isa = PBXVariantGroup;
			children = (
				188949221E767BDF002E6173 /* Base */,
			);
			name = Main.storyboard;
			sourceTree = "<group>";
		};
		188949261E767BDF002E6173 /* LaunchScreen.storyboard */ = {
			isa = PBXVariantGroup;
			children = (
				188949271E767BDF002E6173 /* Base */,
			);
			name = LaunchScreen.storyboard;
			path = ClearGame;
			sourceTree = "<group>";
		};
/* End PBXVariantGroup section */

/* Begin XCBuildConfiguration section */
		1889492A1E767BDF002E6173 /* Debug */ = {
			isa = XCBuildConfiguration;
			buildSettings = {
				ALWAYS_SEARCH_USER_PATHS = NO;
				CLANG_ANALYZER_NONNULL = YES;
				CLANG_CXX_LANGUAGE_STANDARD = "gnu++0x";
				CLANG_CXX_LIBRARY = "libc++";
				CLANG_ENABLE_MODULES = YES;
				CLANG_ENABLE_OBJC_ARC = YES;
				CLANG_WARN_BOOL_CONVERSION = YES;
				CLANG_WARN_CONSTANT_CONVERSION = YES;
				CLANG_WARN_DIRECT_OBJC_ISA_USAGE = YES_ERROR;
				CLANG_WARN_DOCUMENTATION_COMMENTS = YES;
				CLANG_WARN_EMPTY_BODY = YES;
				CLANG_WARN_ENUM_CONVERSION = YES;
				CLANG_WARN_INFINITE_RECURSION = YES;
				CLANG_WARN_INT_CONVERSION = YES;
				CLANG_WARN_OBJC_ROOT_CLASS = YES_ERROR;
				CLANG_WARN_SUSPICIOUS_MOVES = YES;
				CLANG_WARN_UNREACHABLE_CODE = YES;
				CLANG_WARN__DUPLICATE_METHOD_MATCH = YES;
				"CODE_SIGN_IDENTITY[sdk=iphoneos*]" = "iPhone Developer";
				COPY_PHASE_STRIP = NO;
				DEBUG_INFORMATION_FORMAT = dwarf;
				ENABLE_STRICT_OBJC_MSGSEND = YES;
				ENABLE_TESTABILITY = YES;
				GCC_C_LANGUAGE_STANDARD = gnu99;
				GCC_DYNAMIC_NO_PIC = NO;
				GCC_NO_COMMON_BLOCKS = YES;
				GCC_OPTIMIZATION_LEVEL = 0;
				GCC_PREPROCESSOR_DEFINITIONS = (
					"DEBUG=1",
					"$(inherited)",
				);
				GCC_WARN_64_TO_32_BIT_CONVERSION = YES;
				GCC_WARN_ABOUT_RETURN_TYPE = YES_ERROR;
				GCC_WARN_UNDECLARED_SELECTOR = YES;
				GCC_WARN_UNINITIALIZED_AUTOS = YES_AGGRESSIVE;
				GCC_WARN_UNUSED_FUNCTION = YES;
				GCC_WARN_UNUSED_VARIABLE = YES;
				IPHONEOS_DEPLOYMENT_TARGET = 10.0;
				MTL_ENABLE_DEBUG_INFO = YES;
				ONLY_ACTIVE_ARCH = YES;
				SDKROOT = iphoneos;
				SWIFT_ACTIVE_COMPILATION_CONDITIONS = DEBUG;
				SWIFT_OPTIMIZATION_LEVEL = "-Onone";
			};
			name = Debug;
		};
		1889492B1E767BDF002E6173 /* Release */ = {
			isa = XCBuildConfiguration;
			buildSettings = {
				ALWAYS_SEARCH_USER_PATHS = NO;
				CLANG_ANALYZER_NONNULL = YES;
				CLANG_CXX_LANGUAGE_STANDARD = "gnu++0x";
				CLANG_CXX_LIBRARY = "libc++";
				CLANG_ENABLE_MODULES = YES;
				CLANG_ENABLE_OBJC_ARC = YES;
				CLANG_WARN_BOOL_CONVERSION = YES;
				CLANG_WARN_CONSTANT_CONVERSION = YES;
				CLANG_WARN_DIRECT_OBJC_ISA_USAGE = YES_ERROR;
				CLANG_WARN_DOCUMENTATION_COMMENTS = YES;
				CLANG_WARN_EMPTY_BODY = YES;
				CLANG_WARN_ENUM_CONVERSION = YES;
				CLANG_WARN_INFINITE_RECURSION = YES;
				CLANG_WARN_INT_CONVERSION = YES;
				CLANG_WARN_OBJC_ROOT_CLASS = YES_ERROR;
				CLANG_WARN_SUSPICIOUS_MOVES = YES;
				CLANG_WARN_UNREACHABLE_CODE = YES;
				CLANG_WARN__DUPLICATE_METHOD_MATCH = YES;
				"CODE_SIGN_IDENTITY[sdk=iphoneos*]" = "iPhone Developer";
				COPY_PHASE_STRIP = NO;
				DEBUG_INFORMATION_FORMAT = "dwarf-with-dsym";
				ENABLE_NS_ASSERTIONS = NO;
				ENABLE_STRICT_OBJC_MSGSEND = YES;
				GCC_C_LANGUAGE_STANDARD = gnu99;
				GCC_NO_COMMON_BLOCKS = YES;
				GCC_WARN_64_TO_32_BIT_CONVERSION = YES;
				GCC_WARN_ABOUT_RETURN_TYPE = YES_ERROR;
				GCC_WARN_UNDECLARED_SELECTOR = YES;
				GCC_WARN_UNINITIALIZED_AUTOS = YES_AGGRESSIVE;
				GCC_WARN_UNUSED_FUNCTION = YES;
				GCC_WARN_UNUSED_VARIABLE = YES;
				IPHONEOS_DEPLOYMENT_TARGET = 10.0;
				MTL_ENABLE_DEBUG_INFO = NO;
				SDKROOT = iphoneos;
				SWIFT_OPTIMIZATION_LEVEL = "-Owholemodule";
				VALIDATE_PRODUCT = YES;
			};
			name = Release;
		};
		1889492D1E767BDF002E6173 /* Debug */ = {
			isa = XCBuildConfiguration;
			buildSettings = {
				ASSETCATALOG_COMPILER_APPICON_NAME = AppIcon;
				INFOPLIST_FILE = ClearGame/Info.plist;
				LD_RUNPATH_SEARCH_PATHS = "$(inherited) @executable_path/Frameworks";
				PRODUCT_BUNDLE_IDENTIFIER = "lisey-lee-163.com.ClearGame";
				PRODUCT_NAME = "$(TARGET_NAME)";
				SWIFT_VERSION = 3.0;
			};
			name = Debug;
		};
		1889492E1E767BDF002E6173 /* Release */ = {
			isa = XCBuildConfiguration;
			buildSettings = {
				ASSETCATALOG_COMPILER_APPICON_NAME = AppIcon;
				INFOPLIST_FILE = ClearGame/Info.plist;
				LD_RUNPATH_SEARCH_PATHS = "$(inherited) @executable_path/Frameworks";
				PRODUCT_BUNDLE_IDENTIFIER = "lisey-lee-163.com.ClearGame";
				PRODUCT_NAME = "$(TARGET_NAME)";
				SWIFT_VERSION = 3.0;
			};
			name = Release;
		};
/* End XCBuildConfiguration section */

/* Begin XCConfigurationList section */
		188949151E767BDF002E6173 /* Build configuration list for PBXProject "ClearGame" */ = {
			isa = XCConfigurationList;
			buildConfigurations = (
				1889492A1E767BDF002E6173 /* Debug */,
				1889492B1E767BDF002E6173 /* Release */,
			);
			defaultConfigurationIsVisible = 0;
			defaultConfigurationName = Release;
		};
		1889492C1E767BDF002E6173 /* Build configuration list for PBXNativeTarget "ClearGame" */ = {
			isa = XCConfigurationList;
			buildConfigurations = (
				1889492D1E767BDF002E6173 /* Debug */,
				1889492E1E767BDF002E6173 /* Release */,
			);
			defaultConfigurationIsVisible = 0;
			defaultConfigurationName = Release;
		};
/* End XCConfigurationList section */
	};
	rootObject = 188949121E767BDE002E6173 /* Project object */;
}
